
Microsoft Visual Studio Solution File, Format Version 12.00
# Visual Studio 14
VisualStudioVersion = 14.0.25420.1
MinimumVisualStudioVersion = 10.0.40219.1
Project("{FAE04EC0-301F-11D3-BF4B-00C04F79EFBC}") = "Odd Lines", "Odd Lines\Odd Lines.csproj", "{0BADD314-8D02-47B1-97D0-B33A31E073E8}"
EndProject
Project("{FAE04EC0-301F-11D3-BF4B-00C04F79EFBC}") = "Line numbers", "Line numbers\Line numbers.csproj", "{F18C00D1-AFC5-436F-816C-F917FF5531EB}"
EndProject
Project("{FAE04EC0-301F-11D3-BF4B-00C04F79EFBC}") = "Word count", "Word count\Word count.csproj", "{C910BD9C-1A18-456C-AF48-B2E8433D6F56}"
EndProject
Project("{FAE04EC0-301F-11D3-BF4B-00C04F79EFBC}") = "Merge files", "Merge files\Merge files.csproj", "{1651B92A-20CA-44B7-84B9-2C4AF45616A5}"
EndProject
Project("{FAE04EC0-301F-11D3-BF4B-00C04F79EFBC}") = "dir size", "dir size\dir size.csproj", "{848698D6-6221-4445-A3D2-B3EB415A82B7}"
EndProject
Global
	GlobalSection(SolutionConfigurationPlatforms) = preSolution
		Debug|Any CPU = Debug|Any CPU
		Release|Any CPU = Release|Any CPU
	EndGlobalSection
	GlobalSection(ProjectConfigurationPlatforms) = postSolution
		{0BADD314-8D02-47B1-97D0-B33A31E073E8}.Debug|Any CPU.ActiveCfg = Debug|Any CPU
		{0BADD314-8D02-47B1-97D0-B33A31E073E8}.Debug|Any CPU.Build.0 = Debug|Any CPU
		{0BADD314-8D02-47B1-97D0-B33A31E073E8}.Release|Any CPU.ActiveCfg = Release|Any CPU
		{0BADD314-8D02-47B1-97D0-B33A31E073E8}.Release|Any CPU.Build.0 = Release|Any CPU
		{F18C00D1-AFC5-436F-816C-F917FF5531EB}.Debug|Any CPU.ActiveCfg = Debug|Any CPU
		{F18C00D1-AFC5-436F-816C-F917FF5531EB}.Debug|Any CPU.Build.0 = Debug|Any CPU
		{F18C00D1-AFC5-436F-816C-F917FF5531EB}.Release|Any CPU.ActiveCfg = Release|Any CPU
		{F18C00D1-AFC5-436F-816C-F917FF5531EB}.Release|Any CPU.Build.0 = Release|Any CPU
		{C910BD9C-1A18-456C-AF48-B2E8433D6F56}.Debug|Any CPU.ActiveCfg = Debug|Any CPU
		{C910BD9C-1A18-456C-AF48-B2E8433D6F56}.Debug|Any CPU.Build.0 = Debug|Any CPU
		{C910BD9C-1A18-456C-AF48-B2E8433D6F56}.Release|Any CPU.ActiveCfg = Release|Any CPU
		{C910BD9C-1A18-456C-AF48-B2E8433D6F56}.Release|Any CPU.Build.0 = Release|Any CPU
		{1651B92A-20CA-44B7-84B9-2C4AF45616A5}.Debug|Any CPU.ActiveCfg = Debug|Any CPU
		{1651B92A-20CA-44B7-84B9-2C4AF45616A5}.Debug|Any CPU.Build.0 = Debug|Any CPU
		{1651B92A-20CA-44B7-84B9-2C4AF45616A5}.Release|Any CPU.ActiveCfg = Release|Any CPU
		{1651B92A-20CA-44B7-84B9-2C4AF45616A5}.Release|Any CPU.Build.0 = Release|Any CPU
		{848698D6-6221-4445-A3D2-B3EB415A82B7}.Debug|Any CPU.ActiveCfg = Debug|Any CPU
		{848698D6-6221-4445-A3D2-B3EB415A82B7}.Debug|Any CPU.Build.0 = Debug|Any CPU
		{848698D6-6221-4445-A3D2-B3EB415A82B7}.Release|Any CPU.ActiveCfg = Release|Any CPU
		{848698D6-6221-4445-A3D2-B3EB415A82B7}.Release|Any CPU.Build.0 = Release|Any CPU
	EndGlobalSection
	GlobalSection(SolutionProperties) = preSolution
		HideSolutionNode = FALSE
	EndGlobalSection
EndGlobal
